
Microsoft Visual Studio Solution File, Format Version 12.00
# Visual Studio Version 17
VisualStudioVersion = 17.9.34728.123
MinimumVisualStudioVersion = 10.0.40219.1
Project("{FAE04EC0-301F-11D3-BF4B-00C04F79EFBC}") = "WindowsFormsApp1", "WindowsFormsApp1.csproj", "{BD42772C-3C4C-4E71-9B07-A4F8724F44AA}"
EndProject
Global
	GlobalSection(SolutionConfigurationPlatforms) = preSolution
		Debug|Any CPU = Debug|Any CPU
		Release|Any CPU = Release|Any CPU
	EndGlobalSection
	GlobalSection(ProjectConfigurationPlatforms) = postSolution
		{BD42772C-3C4C-4E71-9B07-A4F8724F44AA}.Debug|Any CPU.ActiveCfg = Debug|Any CPU
		{BD42772C-3C4C-4E71-9B07-A4F8724F44AA}.Debug|Any CPU.Build.0 = Debug|Any CPU
		{BD42772C-3C4C-4E71-9B07-A4F8724F44AA}.Release|Any CPU.ActiveCfg = Release|Any CPU
		{BD42772C-3C4C-4E71-9B07-A4F8724F44AA}.Release|Any CPU.Build.0 = Release|Any CPU
	EndGlobalSection
	GlobalSection(SolutionProperties) = preSolution
		HideSolutionNode = FALSE
	EndGlobalSection
	GlobalSection(ExtensibilityGlobals) = postSolution
		SolutionGuid = {945F16B0-D769-4DDB-8C6A-0545EA80610E}
	EndGlobalSection
EndGlobal
